
Microsoft Visual Studio Solution File, Format Version 12.00
# Visual Studio Version 17
VisualStudioVersion = 17.0.31903.59
MinimumVisualStudioVersion = 10.0.40219.1
Project("{FAE04EC0-301F-11D3-BF4B-00C04F79EFBC}") = "VendingMachine", "VendingMachine\VendingMachine.csproj", "{AC12F57D-48ED-4AA1-8E8D-D93763CA6DE4}"
EndProject
Project("{FAE04EC0-301F-11D3-BF4B-00C04F79EFBC}") = "VendingMachine.Tests", "VendingMachine.Tests\VendingMachine.Tests.csproj", "{ED59178F-27D0-4A7A-8613-DCDD52BCAC0C}"
EndProject
Global
	GlobalSection(SolutionConfigurationPlatforms) = preSolution
		Debug|Any CPU = Debug|Any CPU
		Release|Any CPU = Release|Any CPU
	EndGlobalSection
	GlobalSection(SolutionProperties) = preSolution
		HideSolutionNode = FALSE
	EndGlobalSection
	GlobalSection(ProjectConfigurationPlatforms) = postSolution
		{AC12F57D-48ED-4AA1-8E8D-D93763CA6DE4}.Debug|Any CPU.ActiveCfg = Debug|Any CPU
		{AC12F57D-48ED-4AA1-8E8D-D93763CA6DE4}.Debug|Any CPU.Build.0 = Debug|Any CPU
		{AC12F57D-48ED-4AA1-8E8D-D93763CA6DE4}.Release|Any CPU.ActiveCfg = Release|Any CPU
		{AC12F57D-48ED-4AA1-8E8D-D93763CA6DE4}.Release|Any CPU.Build.0 = Release|Any CPU
		{ED59178F-27D0-4A7A-8613-DCDD52BCAC0C}.Debug|Any CPU.ActiveCfg = Debug|Any CPU
		{ED59178F-27D0-4A7A-8613-DCDD52BCAC0C}.Debug|Any CPU.Build.0 = Debug|Any CPU
		{ED59178F-27D0-4A7A-8613-DCDD52BCAC0C}.Release|Any CPU.ActiveCfg = Release|Any CPU
		{ED59178F-27D0-4A7A-8613-DCDD52BCAC0C}.Release|Any CPU.Build.0 = Release|Any CPU
	EndGlobalSection
EndGlobal
